
Microsoft Visual Studio Solution File, Format Version 12.00
# Visual Studio 15
VisualStudioVersion = 15.0.27703.2026
MinimumVisualStudioVersion = 10.0.40219.1
Project("{FAE04EC0-301F-11D3-BF4B-00C04F79EFBC}") = "Funcionarios", "Funcionarios\Funcionarios.csproj", "{CEAE128F-183B-483F-B0F5-B6AE82B1A031}"
EndProject
Global
	GlobalSection(SolutionConfigurationPlatforms) = preSolution
		Debug|Any CPU = Debug|Any CPU
		Release|Any CPU = Release|Any CPU
	EndGlobalSection
	GlobalSection(ProjectConfigurationPlatforms) = postSolution
		{CEAE128F-183B-483F-B0F5-B6AE82B1A031}.Debug|Any CPU.ActiveCfg = Debug|Any CPU
		{CEAE128F-183B-483F-B0F5-B6AE82B1A031}.Debug|Any CPU.Build.0 = Debug|Any CPU
		{CEAE128F-183B-483F-B0F5-B6AE82B1A031}.Release|Any CPU.ActiveCfg = Release|Any CPU
		{CEAE128F-183B-483F-B0F5-B6AE82B1A031}.Release|Any CPU.Build.0 = Release|Any CPU
	EndGlobalSection
	GlobalSection(SolutionProperties) = preSolution
		HideSolutionNode = FALSE
	EndGlobalSection
	GlobalSection(ExtensibilityGlobals) = postSolution
		SolutionGuid = {7AAA9A0F-1D1A-4173-9172-7E36FFF63264}
	EndGlobalSection
EndGlobal
