
Microsoft Visual Studio Solution File, Format Version 12.00
# Visual Studio 15
VisualStudioVersion = 15.0.27428.2043
MinimumVisualStudioVersion = 10.0.40219.1
Project("{FAE04EC0-301F-11D3-BF4B-00C04F79EFBC}") = "Aula11052018_console", "Aula11052018_console\Aula11052018_console.csproj", "{63DF2EA1-CF75-4133-B22F-1A5C32BEE656}"
EndProject
Project("{FAE04EC0-301F-11D3-BF4B-00C04F79EFBC}") = "Aula110518_POO", "Aula110518_POO\Aula110518_POO.csproj", "{C6693294-A694-48FB-B79A-D2564F9170E8}"
EndProject
Project("{FAE04EC0-301F-11D3-BF4B-00C04F79EFBC}") = "140518_Interfaces", "140518_Interfaces\140518_Interfaces.csproj", "{EB6431C2-35AD-449F-AB9C-1078FD961916}"
EndProject
Global
	GlobalSection(SolutionConfigurationPlatforms) = preSolution
		Debug|Any CPU = Debug|Any CPU
		Release|Any CPU = Release|Any CPU
	EndGlobalSection
	GlobalSection(ProjectConfigurationPlatforms) = postSolution
		{63DF2EA1-CF75-4133-B22F-1A5C32BEE656}.Debug|Any CPU.ActiveCfg = Debug|Any CPU
		{63DF2EA1-CF75-4133-B22F-1A5C32BEE656}.Debug|Any CPU.Build.0 = Debug|Any CPU
		{63DF2EA1-CF75-4133-B22F-1A5C32BEE656}.Release|Any CPU.ActiveCfg = Release|Any CPU
		{63DF2EA1-CF75-4133-B22F-1A5C32BEE656}.Release|Any CPU.Build.0 = Release|Any CPU
		{C6693294-A694-48FB-B79A-D2564F9170E8}.Debug|Any CPU.ActiveCfg = Debug|Any CPU
		{C6693294-A694-48FB-B79A-D2564F9170E8}.Debug|Any CPU.Build.0 = Debug|Any CPU
		{C6693294-A694-48FB-B79A-D2564F9170E8}.Release|Any CPU.ActiveCfg = Release|Any CPU
		{C6693294-A694-48FB-B79A-D2564F9170E8}.Release|Any CPU.Build.0 = Release|Any CPU
		{EB6431C2-35AD-449F-AB9C-1078FD961916}.Debug|Any CPU.ActiveCfg = Debug|Any CPU
		{EB6431C2-35AD-449F-AB9C-1078FD961916}.Debug|Any CPU.Build.0 = Debug|Any CPU
		{EB6431C2-35AD-449F-AB9C-1078FD961916}.Release|Any CPU.ActiveCfg = Release|Any CPU
		{EB6431C2-35AD-449F-AB9C-1078FD961916}.Release|Any CPU.Build.0 = Release|Any CPU
	EndGlobalSection
	GlobalSection(SolutionProperties) = preSolution
		HideSolutionNode = FALSE
	EndGlobalSection
	GlobalSection(ExtensibilityGlobals) = postSolution
		SolutionGuid = {69CBA3A0-43A3-439E-B894-B2DE4474FB87}
	EndGlobalSection
EndGlobal
